// !$*UTF8*$!
{
	archiveVersion = 1;
	classes = {
	};
	objectVersion = 51;
	objects = {

/* Begin PBXBuildFile section */
		08EF288122CCA39F0063833D /* AppDelegate.swift in Sources */ = {isa = PBXBuildFile; fileRef = 08EF288022CCA39F0063833D /* AppDelegate.swift */; };
		08EF288322CCA39F0063833D /* ViewController.swift in Sources */ = {isa = PBXBuildFile; fileRef = 08EF288222CCA39F0063833D /* ViewController.swift */; };
		08EF288622CCA39F0063833D /* Main.storyboard in Resources */ = {isa = PBXBuildFile; fileRef = 08EF288422CCA39F0063833D /* Main.storyboard */; };
		08EF288822CCA39F0063833D /* Assets.xcassets in Resources */ = {isa = PBXBuildFile; fileRef = 08EF288722CCA39F0063833D /* Assets.xcassets */; };
		08EF288B22CCA39F0063833D /* LaunchScreen.storyboard in Resources */ = {isa = PBXBuildFile; fileRef = 08EF288922CCA39F0063833D /* LaunchScreen.storyboard */; };
		08EF289322CCAFC80063833D /* ImageViewController.swift in Sources */ = {isa = PBXBuildFile; fileRef = 08EF289222CCAFC80063833D /* ImageViewController.swift */; };
		8611D04DEFF4CBD4AE138B85 /* Pods_PodsExample.framework in Frameworks */ = {isa = PBXBuildFile; fileRef = A1FAE5A35F40AD7833D5FAFA /* Pods_PodsExample.framework */; };
/* End PBXBuildFile section */

/* Begin PBXFileReference section */
		08EF287D22CCA39F0063833D /* PodsExample.app */ = {isa = PBXFileReference; explicitFileType = wrapper.application; includeInIndex = 0; path = PodsExample.app; sourceTree = BUILT_PRODUCTS_DIR; };
		08EF288022CCA39F0063833D /* AppDelegate.swift */ = {isa = PBXFileReference; lastKnownFileType = sourcecode.swift; path = AppDelegate.swift; sourceTree = "<group>"; };
		08EF288222CCA39F0063833D /* ViewController.swift */ = {isa = PBXFileReference; lastKnownFileType = sourcecode.swift; path = ViewController.swift; sourceTree = "<group>"; };
		08EF288522CCA39F0063833D /* Base */ = {isa = PBXFileReference; lastKnownFileType = file.storyboard; name = Base; path = Base.lproj/Main.storyboard; sourceTree = "<group>"; };
		08EF288722CCA39F0063833D /* Assets.xcassets */ = {isa = PBXFileReference; lastKnownFileType = folder.assetcatalog; path = Assets.xcassets; sourceTree = "<group>"; };
		08EF288A22CCA39F0063833D /* Base */ = {isa = PBXFileReference; lastKnownFileType = file.storyboard; name = Base; path = Base.lproj/LaunchScreen.storyboard; sourceTree = "<group>"; };
		08EF288C22CCA39F0063833D /* Info.plist */ = {isa = PBXFileReference; lastKnownFileType = text.plist.xml; path = Info.plist; sourceTree = "<group>"; };
		08EF289222CCAFC80063833D /* ImageViewController.swift */ = {isa = PBXFileReference; lastKnownFileType = sourcecode.swift; path = ImageViewController.swift; sourceTree = "<group>"; };
		5E47F3676F7F2B7F5BA3646D /* Pods-PodsExample.debug.xcconfig */ = {isa = PBXFileReference; includeInIndex = 1; lastKnownFileType = text.xcconfig; name = "Pods-PodsExample.debug.xcconfig"; path = "Target Support Files/Pods-PodsExample/Pods-PodsExample.debug.xcconfig"; sourceTree = "<group>"; };
		A1FAE5A35F40AD7833D5FAFA /* Pods_PodsExample.framework */ = {isa = PBXFileReference; explicitFileType = wrapper.framework; includeInIndex = 0; path = Pods_PodsExample.framework; sourceTree = BUILT_PRODUCTS_DIR; };
		B7020495836FFC37E6DFBF35 /* Pods-PodsExample.release.xcconfig */ = {isa = PBXFileReference; includeInIndex = 1; lastKnownFileType = text.xcconfig; name = "Pods-PodsExample.release.xcconfig"; path = "Target Support Files/Pods-PodsExample/Pods-PodsExample.release.xcconfig"; sourceTree = "<group>"; };
/* End PBXFileReference section */

/* Begin PBXFrameworksBuildPhase section */
		08EF287A22CCA39F0063833D /* Frameworks */ = {
			isa = PBXFrameworksBuildPhase;
			buildActionMask = 2147483647;
			files = (
				8611D04DEFF4CBD4AE138B85 /* Pods_PodsExample.framework in Frameworks */,
			);
			runOnlyForDeploymentPostprocessing = 0;
		};
/* End PBXFrameworksBuildPhase section */

/* Begin PBXGroup section */
		08EF287422CCA39F0063833D = {
			isa = PBXGroup;
			children = (
				08EF287F22CCA39F0063833D /* PodsExample */,
				08EF287E22CCA39F0063833D /* Products */,
				2EAC380EB3C47B25893A1602 /* Pods */,
				9C3C1B4B578DE638895DB207 /* Frameworks */,
			);
			sourceTree = "<group>";
		};
		08EF287E22CCA39F0063833D /* Products */ = {
			isa = PBXGroup;
			children = (
				08EF287D22CCA39F0063833D /* PodsExample.app */,
			);
			name = Products;
			sourceTree = "<group>";
		};
		08EF287F22CCA39F0063833D /* PodsExample */ = {
			isa = PBXGroup;
			children = (
				08EF288022CCA39F0063833D /* AppDelegate.swift */,
				08EF288222CCA39F0063833D /* ViewController.swift */,
				08EF289222CCAFC80063833D /* ImageViewController.swift */,
				08EF288422CCA39F0063833D /* Main.storyboard */,
				08EF288722CCA39F0063833D /* Assets.xcassets */,
				08EF288922CCA39F0063833D /* LaunchScreen.storyboard */,
				08EF288C22CCA39F0063833D /* Info.plist */,
			);
			path = PodsExample;
			sourceTree = "<group>";
		};
		2EAC380EB3C47B25893A1602 /* Pods */ = {
			isa = PBXGroup;
			children = (
				5E47F3676F7F2B7F5BA3646D /* Pods-PodsExample.debug.xcconfig */,
				B7020495836FFC37E6DFBF35 /* Pods-PodsExample.release.xcconfig */,
			);
			path = Pods;
			sourceTree = "<group>";
		};
		9C3C1B4B578DE638895DB207 /* Frameworks */ = {
			isa = PBXGroup;
			children = (
				A1FAE5A35F40AD7833D5FAFA /* Pods_PodsExample.framework */,
			);
			name = Frameworks;
			sourceTree = "<group>";
		};
/* End PBXGroup section */

/* Begin PBXNativeTarget section */
		08EF287C22CCA39F0063833D /* PodsExample */ = {
			isa = PBXNativeTarget;
			buildConfigurationList = 08EF288F22CCA39F0063833D /* Build configuration list for PBXNativeTarget "PodsExample" */;
			buildPhases = (
				91A812F708987D008528AE69 /* [CP] Check Pods Manifest.lock */,
				08EF287922CCA39F0063833D /* Sources */,
				08EF287A22CCA39F0063833D /* Frameworks */,
				08EF287B22CCA39F0063833D /* Resources */,
				AB6714A77A99AA9EC9237B58 /* [CP] Embed Pods Frameworks */,
			);
			buildRules = (
			);
			dependencies = (
			);
			name = PodsExample;
			productName = PodsExample;
			productReference = 08EF287D22CCA39F0063833D /* PodsExample.app */;
			productType = "com.apple.product-type.application";
		};
/* End PBXNativeTarget section */

/* Begin PBXProject section */
		08EF287522CCA39F0063833D /* Project object */ = {
			isa = PBXProject;
			attributes = {
				LastSwiftUpdateCheck = 1020;
				LastUpgradeCheck = 1020;
				ORGANIZATIONNAME = Ostrenkiy;
				TargetAttributes = {
					08EF287C22CCA39F0063833D = {
						CreatedOnToolsVersion = 10.2.1;
					};
				};
			};
			buildConfigurationList = 08EF287822CCA39F0063833D /* Build configuration list for PBXProject "PodsExample" */;
			compatibilityVersion = "Xcode 9.3";
			developmentRegion = en;
			hasScannedForEncodings = 0;
			knownRegions = (
				en,
				Base,
			);
			mainGroup = 08EF287422CCA39F0063833D;
			productRefGroup = 08EF287E22CCA39F0063833D /* Products */;
			projectDirPath = "";
			projectRoot = "";
			targets = (
				08EF287C22CCA39F0063833D /* PodsExample */,
			);
		};
/* End PBXProject section */

/* Begin PBXResourcesBuildPhase section */
		08EF287B22CCA39F0063833D /* Resources */ = {
			isa = PBXResourcesBuildPhase;
			buildActionMask = 2147483647;
			files = (
				08EF288B22CCA39F0063833D /* LaunchScreen.storyboard in Resources */,
				08EF288822CCA39F0063833D /* Assets.xcassets in Resources */,
				08EF288622CCA39F0063833D /* Main.storyboard in Resources */,
			);
			runOnlyForDeploymentPostprocessing = 0;
		};
/* End PBXResourcesBuildPhase section */

/* Begin PBXShellScriptBuildPhase section */
		91A812F708987D008528AE69 /* [CP] Check Pods Manifest.lock */ = {
			isa = PBXShellScriptBuildPhase;
			buildActionMask = 2147483647;
			files = (
			);
			inputFileListPaths = (
			);
			inputPaths = (
				"${PODS_PODFILE_DIR_PATH}/Podfile.lock",
				"${PODS_ROOT}/Manifest.lock",
			);
			name = "[CP] Check Pods Manifest.lock";
			outputFileListPaths = (
			);
			outputPaths = (
				"$(DERIVED_FILE_DIR)/Pods-PodsExample-checkManifestLockResult.txt",
			);
			runOnlyForDeploymentPostprocessing = 0;
			shellPath = /bin/sh;
			shellScript = "diff \"${PODS_PODFILE_DIR_PATH}/Podfile.lock\" \"${PODS_ROOT}/Manifest.lock\" > /dev/null\nif [ $? != 0 ] ; then\n    # print error to STDERR\n    echo \"error: The sandbox is not in sync with the Podfile.lock. Run 'pod install' or update your CocoaPods installation.\" >&2\n    exit 1\nfi\n# This output is used by Xcode 'outputs' to avoid re-running this script phase.\necho \"SUCCESS\" > \"${SCRIPT_OUTPUT_FILE_0}\"\n";
			showEnvVarsInLog = 0;
		};
		AB6714A77A99AA9EC9237B58 /* [CP] Embed Pods Frameworks */ = {
			isa = PBXShellScriptBuildPhase;
			buildActionMask = 2147483647;
			files = (
			);
			inputFileListPaths = (
				"${PODS_ROOT}/Target Support Files/Pods-PodsExample/Pods-PodsExample-frameworks-${CONFIGURATION}-input-files.xcfilelist",
			);
			name = "[CP] Embed Pods Frameworks";
			outputFileListPaths = (
				"${PODS_ROOT}/Target Support Files/Pods-PodsExample/Pods-PodsExample-frameworks-${CONFIGURATION}-output-files.xcfilelist",
			);
			runOnlyForDeploymentPostprocessing = 0;
			shellPath = /bin/sh;
			shellScript = "\"${PODS_ROOT}/Target Support Files/Pods-PodsExample/Pods-PodsExample-frameworks.sh\"\n";
			showEnvVarsInLog = 0;
		};
/* End PBXShellScriptBuildPhase section */

/* Begin PBXSourcesBuildPhase section */
		08EF287922CCA39F0063833D /* Sources */ = {
			isa = PBXSourcesBuildPhase;
			buildActionMask = 2147483647;
			files = (
				08EF288322CCA39F0063833D /* ViewController.swift in Sources */,
				08EF289322CCAFC80063833D /* ImageViewController.swift in Sources */,
				08EF288122CCA39F0063833D /* AppDelegate.swift in Sources */,
			);
			runOnlyForDeploymentPostprocessing = 0;
		};
/* End PBXSourcesBuildPhase section */

/* Begin PBXVariantGroup section */
		08EF288422CCA39F0063833D /* Main.storyboard */ = {
			isa = PBXVariantGroup;
			children = (
				08EF288522CCA39F0063833D /* Base */,
			);
			name = Main.storyboard;
			sourceTree = "<group>";
		};
		08EF288922CCA39F0063833D /* LaunchScreen.storyboard */ = {
			isa = PBXVariantGroup;
			children = (
				08EF288A22CCA39F0063833D /* Base */,
			);
			name = LaunchScreen.storyboard;
			sourceTree = "<group>";
		};
/* End PBXVariantGroup section */

/* Begin XCBuildConfiguration section */
		08EF288D22CCA39F0063833D /* Debug */ = {
			isa = XCBuildConfiguration;
			buildSettings = {
				ALWAYS_SEARCH_USER_PATHS = NO;
				CLANG_ANALYZER_NONNULL = YES;
				CLANG_ANALYZER_NUMBER_OBJECT_CONVERSION = YES_AGGRESSIVE;
				CLANG_CXX_LANGUAGE_STANDARD = "gnu++14";
				CLANG_CXX_LIBRARY = "libc++";
				CLANG_ENABLE_MODULES = YES;
				CLANG_ENABLE_OBJC_ARC = YES;
				CLANG_ENABLE_OBJC_WEAK = YES;
				CLANG_WARN_BLOCK_CAPTURE_AUTORELEASING = YES;
				CLANG_WARN_BOOL_CONVERSION = YES;
				CLANG_WARN_COMMA = YES;
				CLANG_WARN_CONSTANT_CONVERSION = YES;
				CLANG_WARN_DEPRECATED_OBJC_IMPLEMENTATIONS = YES;
				CLANG_WARN_DIRECT_OBJC_ISA_USAGE = YES_ERROR;
				CLANG_WARN_DOCUMENTATION_COMMENTS = YES;
				CLANG_WARN_EMPTY_BODY = YES;
				CLANG_WARN_ENUM_CONVERSION = YES;
				CLANG_WARN_INFINITE_RECURSION = YES;
				CLANG_WARN_INT_CONVERSION = YES;
				CLANG_WARN_NON_LITERAL_NULL_CONVERSION = YES;
				CLANG_WARN_OBJC_IMPLICIT_RETAIN_SELF = YES;
				CLANG_WARN_OBJC_LITERAL_CONVERSION = YES;
				CLANG_WARN_OBJC_ROOT_CLASS = YES_ERROR;
				CLANG_WARN_RANGE_LOOP_ANALYSIS = YES;
				CLANG_WARN_STRICT_PROTOTYPES = YES;
				CLANG_WARN_SUSPICIOUS_MOVE = YES;
				CLANG_WARN_UNGUARDED_AVAILABILITY = YES_AGGRESSIVE;
				CLANG_WARN_UNREACHABLE_CODE = YES;
				CLANG_WARN__DUPLICATE_METHOD_MATCH = YES;
				CODE_SIGN_IDENTITY = "iPhone Developer";
				COPY_PHASE_STRIP = NO;
				DEBUG_INFORMATION_FORMAT = dwarf;
				ENABLE_STRICT_OBJC_MSGSEND = YES;
				ENABLE_TESTABILITY = YES;
				GCC_C_LANGUAGE_STANDARD = gnu11;
				GCC_DYNAMIC_NO_PIC = NO;
				GCC_NO_COMMON_BLOCKS = YES;
				GCC_OPTIMIZATION_LEVEL = 0;
				GCC_PREPROCESSOR_DEFINITIONS = (
					"DEBUG=1",
					"$(inherited)",
				);
				GCC_WARN_64_TO_32_BIT_CONVERSION = YES;
				GCC_WARN_ABOUT_RETURN_TYPE = YES_ERROR;
				GCC_WARN_UNDECLARED_SELECTOR = YES;
				GCC_WARN_UNINITIALIZED_AUTOS = YES_AGGRESSIVE;
				GCC_WARN_UNUSED_FUNCTION = YES;
				GCC_WARN_UNUSED_VARIABLE = YES;
				IPHONEOS_DEPLOYMENT_TARGET = 12.2;
				MTL_ENABLE_DEBUG_INFO = INCLUDE_SOURCE;
				MTL_FAST_MATH = YES;
				ONLY_ACTIVE_ARCH = YES;
				SDKROOT = iphoneos;
				SWIFT_ACTIVE_COMPILATION_CONDITIONS = DEBUG;
				SWIFT_OPTIMIZATION_LEVEL = "-Onone";
			};
			name = Debug;
		};
		08EF288E22CCA39F0063833D /* Release */ = {
			isa = XCBuildConfiguration;
			buildSettings = {
				ALWAYS_SEARCH_USER_PATHS = NO;
				CLANG_ANALYZER_NONNULL = YES;
				CLANG_ANALYZER_NUMBER_OBJECT_CONVERSION = YES_AGGRESSIVE;
				CLANG_CXX_LANGUAGE_STANDARD = "gnu++14";
				CLANG_CXX_LIBRARY = "libc++";
				CLANG_ENABLE_MODULES = YES;
				CLANG_ENABLE_OBJC_ARC = YES;
				CLANG_ENABLE_OBJC_WEAK = YES;
				CLANG_WARN_BLOCK_CAPTURE_AUTORELEASING = YES;
				CLANG_WARN_BOOL_CONVERSION = YES;
				CLANG_WARN_COMMA = YES;
				CLANG_WARN_CONSTANT_CONVERSION = YES;
				CLANG_WARN_DEPRECATED_OBJC_IMPLEMENTATIONS = YES;
				CLANG_WARN_DIRECT_OBJC_ISA_USAGE = YES_ERROR;
				CLANG_WARN_DOCUMENTATION_COMMENTS = YES;
				CLANG_WARN_EMPTY_BODY = YES;
				CLANG_WARN_ENUM_CONVERSION = YES;
				CLANG_WARN_INFINITE_RECURSION = YES;
				CLANG_WARN_INT_CONVERSION = YES;
				CLANG_WARN_NON_LITERAL_NULL_CONVERSION = YES;
				CLANG_WARN_OBJC_IMPLICIT_RETAIN_SELF = YES;
				CLANG_WARN_OBJC_LITERAL_CONVERSION = YES;
				CLANG_WARN_OBJC_ROOT_CLASS = YES_ERROR;
				CLANG_WARN_RANGE_LOOP_ANALYSIS = YES;
				CLANG_WARN_STRICT_PROTOTYPES = YES;
				CLANG_WARN_SUSPICIOUS_MOVE = YES;
				CLANG_WARN_UNGUARDED_AVAILABILITY = YES_AGGRESSIVE;
				CLANG_WARN_UNREACHABLE_CODE = YES;
				CLANG_WARN__DUPLICATE_METHOD_MATCH = YES;
				CODE_SIGN_IDENTITY = "iPhone Developer";
				COPY_PHASE_STRIP = NO;
				DEBUG_INFORMATION_FORMAT = "dwarf-with-dsym";
				ENABLE_NS_ASSERTIONS = NO;
				ENABLE_STRICT_OBJC_MSGSEND = YES;
				GCC_C_LANGUAGE_STANDARD = gnu11;
				GCC_NO_COMMON_BLOCKS = YES;
				GCC_WARN_64_TO_32_BIT_CONVERSION = YES;
				GCC_WARN_ABOUT_RETURN_TYPE = YES_ERROR;
				GCC_WARN_UNDECLARED_SELECTOR = YES;
				GCC_WARN_UNINITIALIZED_AUTOS = YES_AGGRESSIVE;
				GCC_WARN_UNUSED_FUNCTION = YES;
				GCC_WARN_UNUSED_VARIABLE = YES;
				IPHONEOS_DEPLOYMENT_TARGET = 12.2;
				MTL_ENABLE_DEBUG_INFO = NO;
				MTL_FAST_MATH = YES;
				SDKROOT = iphoneos;
				SWIFT_COMPILATION_MODE = wholemodule;
				SWIFT_OPTIMIZATION_LEVEL = "-O";
				VALIDATE_PRODUCT = YES;
			};
			name = Release;
		};
		08EF289022CCA39F0063833D /* Debug */ = {
			isa = XCBuildConfiguration;
			baseConfigurationReference = 5E47F3676F7F2B7F5BA3646D /* Pods-PodsExample.debug.xcconfig */;
			buildSettings = {
				ASSETCATALOG_COMPILER_APPICON_NAME = AppIcon;
				CODE_SIGN_STYLE = Automatic;
				INFOPLIST_FILE = PodsExample/Info.plist;
				LD_RUNPATH_SEARCH_PATHS = (
					"$(inherited)",
					"@executable_path/Frameworks",
				);
				PRODUCT_BUNDLE_IDENTIFIER = test.ostrenkiy.PodsExample;
				PRODUCT_NAME = "$(TARGET_NAME)";
				SWIFT_VERSION = 5.0;
				TARGETED_DEVICE_FAMILY = "1,2";
			};
			name = Debug;
		};
		08EF289122CCA39F0063833D /* Release */ = {
			isa = XCBuildConfiguration;
			baseConfigurationReference = B7020495836FFC37E6DFBF35 /* Pods-PodsExample.release.xcconfig */;
			buildSettings = {
				ASSETCATALOG_COMPILER_APPICON_NAME = AppIcon;
				CODE_SIGN_STYLE = Automatic;
				INFOPLIST_FILE = PodsExample/Info.plist;
				LD_RUNPATH_SEARCH_PATHS = (
					"$(inherited)",
					"@executable_path/Frameworks",
				);
				PRODUCT_BUNDLE_IDENTIFIER = test.ostrenkiy.PodsExample;
				PRODUCT_NAME = "$(TARGET_NAME)";
				SWIFT_VERSION = 5.0;
				TARGETED_DEVICE_FAMILY = "1,2";
			};
			name = Release;
		};
/* End XCBuildConfiguration section */

/* Begin XCConfigurationList section */
		08EF287822CCA39F0063833D /* Build configuration list for PBXProject "PodsExample" */ = {
			isa = XCConfigurationList;
			buildConfigurations = (
				08EF288D22CCA39F0063833D /* Debug */,
				08EF288E22CCA39F0063833D /* Release */,
			);
			defaultConfigurationIsVisible = 0;
			defaultConfigurationName = Release;
		};
		08EF288F22CCA39F0063833D /* Build configuration list for PBXNativeTarget "PodsExample" */ = {
			isa = XCConfigurationList;
			buildConfigurations = (
				08EF289022CCA39F0063833D /* Debug */,
				08EF289122CCA39F0063833D /* Release */,
			);
			defaultConfigurationIsVisible = 0;
			defaultConfigurationName = Release;
		};
/* End XCConfigurationList section */
	};
	rootObject = 08EF287522CCA39F0063833D /* Project object */;
}
